
Microsoft Visual Studio Solution File, Format Version 11.00
# Visual Studio 2010
Project("{FAE04EC0-301F-11D3-BF4B-00C04F79EFBC}") = "WebFormsDemo", "WebFormsDemo\WebFormsDemo.csproj", "{1451E56A-052A-4731-BD7A-42BE14BC94A3}"
EndProject
Global
	GlobalSection(SolutionConfigurationPlatforms) = preSolution
		Debug|Any CPU = Debug|Any CPU
		Release|Any CPU = Release|Any CPU
	EndGlobalSection
	GlobalSection(ProjectConfigurationPlatforms) = postSolution
		{1451E56A-052A-4731-BD7A-42BE14BC94A3}.Debug|Any CPU.ActiveCfg = Debug|Any CPU
		{1451E56A-052A-4731-BD7A-42BE14BC94A3}.Debug|Any CPU.Build.0 = Debug|Any CPU
		{1451E56A-052A-4731-BD7A-42BE14BC94A3}.Release|Any CPU.ActiveCfg = Release|Any CPU
		{1451E56A-052A-4731-BD7A-42BE14BC94A3}.Release|Any CPU.Build.0 = Release|Any CPU
	EndGlobalSection
	GlobalSection(SolutionProperties) = preSolution
		HideSolutionNode = FALSE
	EndGlobalSection
EndGlobal
